// !$*UTF8*$!
{
	archiveVersion = 1;
	classes = {
	};
	objectVersion = 55;
	objects = {

/* Begin PBXBuildFile section */
		4DB890CA29167DFD00ECD72A /* SpiritualMindApp.swift in Sources */ = {isa = PBXBuildFile; fileRef = 4DB890BA29167DFB00ECD72A /* SpiritualMindApp.swift */; };
		4DB890CB29167DFD00ECD72A /* SpiritualMindApp.swift in Sources */ = {isa = PBXBuildFile; fileRef = 4DB890BA29167DFB00ECD72A /* SpiritualMindApp.swift */; };
		4DB890CC29167DFD00ECD72A /* ContentView.swift in Sources */ = {isa = PBXBuildFile; fileRef = 4DB890BB29167DFB00ECD72A /* ContentView.swift */; };
		4DB890CD29167DFD00ECD72A /* ContentView.swift in Sources */ = {isa = PBXBuildFile; fileRef = 4DB890BB29167DFB00ECD72A /* ContentView.swift */; };
		4DB890CE29167DFD00ECD72A /* Assets.xcassets in Resources */ = {isa = PBXBuildFile; fileRef = 4DB890BC29167DFD00ECD72A /* Assets.xcassets */; };
		4DB890CF29167DFD00ECD72A /* Assets.xcassets in Resources */ = {isa = PBXBuildFile; fileRef = 4DB890BC29167DFD00ECD72A /* Assets.xcassets */; };
		4DB890DA2916D38100ECD72A /* DancingScript-VariableFont_wght.ttf in Resources */ = {isa = PBXBuildFile; fileRef = 4DB890D92916D38100ECD72A /* DancingScript-VariableFont_wght.ttf */; };
		4DB890DC2916D3BC00ECD72A /* GreatVibes-Regular.ttf in Resources */ = {isa = PBXBuildFile; fileRef = 4DB890DB2916D3BB00ECD72A /* GreatVibes-Regular.ttf */; };
		4DB890E02916DB6400ECD72A /* Data.swift in Sources */ = {isa = PBXBuildFile; fileRef = 4DB890DF2916DB6400ECD72A /* Data.swift */; };
		4DB890E22916DB7C00ECD72A /* CardModel.swift in Sources */ = {isa = PBXBuildFile; fileRef = 4DB890E12916DB7B00ECD72A /* CardModel.swift */; };
/* End PBXBuildFile section */

/* Begin PBXFileReference section */
		4DB890BA29167DFB00ECD72A /* SpiritualMindApp.swift */ = {isa = PBXFileReference; lastKnownFileType = sourcecode.swift; path = SpiritualMindApp.swift; sourceTree = "<group>"; };
		4DB890BB29167DFB00ECD72A /* ContentView.swift */ = {isa = PBXFileReference; lastKnownFileType = sourcecode.swift; path = ContentView.swift; sourceTree = "<group>"; };
		4DB890BC29167DFD00ECD72A /* Assets.xcassets */ = {isa = PBXFileReference; lastKnownFileType = folder.assetcatalog; path = Assets.xcassets; sourceTree = "<group>"; };
		4DB890C129167DFD00ECD72A /* SpiritualMind.app */ = {isa = PBXFileReference; explicitFileType = wrapper.application; includeInIndex = 0; path = SpiritualMind.app; sourceTree = BUILT_PRODUCTS_DIR; };
		4DB890C729167DFD00ECD72A /* SpiritualMind.app */ = {isa = PBXFileReference; explicitFileType = wrapper.application; includeInIndex = 0; path = SpiritualMind.app; sourceTree = BUILT_PRODUCTS_DIR; };
		4DB890D92916D38100ECD72A /* DancingScript-VariableFont_wght.ttf */ = {isa = PBXFileReference; lastKnownFileType = file; path = "DancingScript-VariableFont_wght.ttf"; sourceTree = "<group>"; };
		4DB890DB2916D3BB00ECD72A /* GreatVibes-Regular.ttf */ = {isa = PBXFileReference; lastKnownFileType = file; path = "GreatVibes-Regular.ttf"; sourceTree = "<group>"; };
		4DB890DD2916D62200ECD72A /* SpiritualMind--iOS--Info.plist */ = {isa = PBXFileReference; lastKnownFileType = text.plist; path = "SpiritualMind--iOS--Info.plist"; sourceTree = "<group>"; };
		4DB890DF2916DB6400ECD72A /* Data.swift */ = {isa = PBXFileReference; lastKnownFileType = sourcecode.swift; path = Data.swift; sourceTree = "<group>"; };
		4DB890E12916DB7B00ECD72A /* CardModel.swift */ = {isa = PBXFileReference; lastKnownFileType = sourcecode.swift; path = CardModel.swift; sourceTree = "<group>"; };
/* End PBXFileReference section */

/* Begin PBXFrameworksBuildPhase section */
		4DB890BE29167DFD00ECD72A /* Frameworks */ = {
			isa = PBXFrameworksBuildPhase;
			buildActionMask = 2147483647;
			files = (
			);
			runOnlyForDeploymentPostprocessing = 0;
		};
		4DB890C429167DFD00ECD72A /* Frameworks */ = {
			isa = PBXFrameworksBuildPhase;
			buildActionMask = 2147483647;
			files = (
			);
			runOnlyForDeploymentPostprocessing = 0;
		};
/* End PBXFrameworksBuildPhase section */

/* Begin PBXGroup section */
		4DB890B429167DFB00ECD72A = {
			isa = PBXGroup;
			children = (
				4DB890DD2916D62200ECD72A /* SpiritualMind--iOS--Info.plist */,
				4DB890B929167DFB00ECD72A /* Shared */,
				4DB890C229167DFD00ECD72A /* Products */,
			);
			sourceTree = "<group>";
		};
		4DB890B929167DFB00ECD72A /* Shared */ = {
			isa = PBXGroup;
			children = (
				4DB890BA29167DFB00ECD72A /* SpiritualMindApp.swift */,
				4DB890BB29167DFB00ECD72A /* ContentView.swift */,
				4DB890D82916D33C00ECD72A /* fonts */,
				4DB890BC29167DFD00ECD72A /* Assets.xcassets */,
				4DB890DE2916DB5400ECD72A /* Models */,
			);
			path = Shared;
			sourceTree = "<group>";
		};
		4DB890C229167DFD00ECD72A /* Products */ = {
			isa = PBXGroup;
			children = (
				4DB890C129167DFD00ECD72A /* SpiritualMind.app */,
				4DB890C729167DFD00ECD72A /* SpiritualMind.app */,
			);
			name = Products;
			sourceTree = "<group>";
		};
		4DB890D82916D33C00ECD72A /* fonts */ = {
			isa = PBXGroup;
			children = (
				4DB890D92916D38100ECD72A /* DancingScript-VariableFont_wght.ttf */,
				4DB890DB2916D3BB00ECD72A /* GreatVibes-Regular.ttf */,
			);
			path = fonts;
			sourceTree = "<group>";
		};
		4DB890DE2916DB5400ECD72A /* Models */ = {
			isa = PBXGroup;
			children = (
				4DB890DF2916DB6400ECD72A /* Data.swift */,
				4DB890E12916DB7B00ECD72A /* CardModel.swift */,
			);
			path = Models;
			sourceTree = "<group>";
		};
/* End PBXGroup section */

/* Begin PBXNativeTarget section */
		4DB890C029167DFD00ECD72A /* SpiritualMind (iOS) */ = {
			isa = PBXNativeTarget;
			buildConfigurationList = 4DB890D229167DFD00ECD72A /* Build configuration list for PBXNativeTarget "SpiritualMind (iOS)" */;
			buildPhases = (
				4DB890BD29167DFD00ECD72A /* Sources */,
				4DB890BE29167DFD00ECD72A /* Frameworks */,
				4DB890BF29167DFD00ECD72A /* Resources */,
			);
			buildRules = (
			);
			dependencies = (
			);
			name = "SpiritualMind (iOS)";
			productName = "SpiritualMind (iOS)";
			productReference = 4DB890C129167DFD00ECD72A /* SpiritualMind.app */;
			productType = "com.apple.product-type.application";
		};
		4DB890C629167DFD00ECD72A /* SpiritualMind (macOS) */ = {
			isa = PBXNativeTarget;
			buildConfigurationList = 4DB890D529167DFD00ECD72A /* Build configuration list for PBXNativeTarget "SpiritualMind (macOS)" */;
			buildPhases = (
				4DB890C329167DFD00ECD72A /* Sources */,
				4DB890C429167DFD00ECD72A /* Frameworks */,
				4DB890C529167DFD00ECD72A /* Resources */,
			);
			buildRules = (
			);
			dependencies = (
			);
			name = "SpiritualMind (macOS)";
			productName = "SpiritualMind (macOS)";
			productReference = 4DB890C729167DFD00ECD72A /* SpiritualMind.app */;
			productType = "com.apple.product-type.application";
		};
/* End PBXNativeTarget section */

/* Begin PBXProject section */
		4DB890B529167DFB00ECD72A /* Project object */ = {
			isa = PBXProject;
			attributes = {
				BuildIndependentTargetsInParallel = 1;
				LastSwiftUpdateCheck = 1340;
				LastUpgradeCheck = 1340;
				TargetAttributes = {
					4DB890C029167DFD00ECD72A = {
						CreatedOnToolsVersion = 13.4.1;
					};
					4DB890C629167DFD00ECD72A = {
						CreatedOnToolsVersion = 13.4.1;
					};
				};
			};
			buildConfigurationList = 4DB890B829167DFB00ECD72A /* Build configuration list for PBXProject "SpiritualMind" */;
			compatibilityVersion = "Xcode 13.0";
			developmentRegion = en;
			hasScannedForEncodings = 0;
			knownRegions = (
				en,
				Base,
			);
			mainGroup = 4DB890B429167DFB00ECD72A;
			productRefGroup = 4DB890C229167DFD00ECD72A /* Products */;
			projectDirPath = "";
			projectRoot = "";
			targets = (
				4DB890C029167DFD00ECD72A /* SpiritualMind (iOS) */,
				4DB890C629167DFD00ECD72A /* SpiritualMind (macOS) */,
			);
		};
/* End PBXProject section */

/* Begin PBXResourcesBuildPhase section */
		4DB890BF29167DFD00ECD72A /* Resources */ = {
			isa = PBXResourcesBuildPhase;
			buildActionMask = 2147483647;
			files = (
				4DB890CE29167DFD00ECD72A /* Assets.xcassets in Resources */,
				4DB890DA2916D38100ECD72A /* DancingScript-VariableFont_wght.ttf in Resources */,
				4DB890DC2916D3BC00ECD72A /* GreatVibes-Regular.ttf in Resources */,
			);
			runOnlyForDeploymentPostprocessing = 0;
		};
		4DB890C529167DFD00ECD72A /* Resources */ = {
			isa = PBXResourcesBuildPhase;
			buildActionMask = 2147483647;
			files = (
				4DB890CF29167DFD00ECD72A /* Assets.xcassets in Resources */,
			);
			runOnlyForDeploymentPostprocessing = 0;
		};
/* End PBXResourcesBuildPhase section */

/* Begin PBXSourcesBuildPhase section */
		4DB890BD29167DFD00ECD72A /* Sources */ = {
			isa = PBXSourcesBuildPhase;
			buildActionMask = 2147483647;
			files = (
				4DB890CC29167DFD00ECD72A /* ContentView.swift in Sources */,
				4DB890E22916DB7C00ECD72A /* CardModel.swift in Sources */,
				4DB890E02916DB6400ECD72A /* Data.swift in Sources */,
				4DB890CA29167DFD00ECD72A /* SpiritualMindApp.swift in Sources */,
			);
			runOnlyForDeploymentPostprocessing = 0;
		};
		4DB890C329167DFD00ECD72A /* Sources */ = {
			isa = PBXSourcesBuildPhase;
			buildActionMask = 2147483647;
			files = (
				4DB890CD29167DFD00ECD72A /* ContentView.swift in Sources */,
				4DB890CB29167DFD00ECD72A /* SpiritualMindApp.swift in Sources */,
			);
			runOnlyForDeploymentPostprocessing = 0;
		};
/* End PBXSourcesBuildPhase section */

/* Begin XCBuildConfiguration section */
		4DB890D029167DFD00ECD72A /* Debug */ = {
			isa = XCBuildConfiguration;
			buildSettings = {
				ALWAYS_SEARCH_USER_PATHS = NO;
				CLANG_ANALYZER_NONNULL = YES;
				CLANG_ANALYZER_NUMBER_OBJECT_CONVERSION = YES_AGGRESSIVE;
				CLANG_CXX_LANGUAGE_STANDARD = "gnu++17";
				CLANG_ENABLE_MODULES = YES;
				CLANG_ENABLE_OBJC_ARC = YES;
				CLANG_ENABLE_OBJC_WEAK = YES;
				CLANG_WARN_BLOCK_CAPTURE_AUTORELEASING = YES;
				CLANG_WARN_BOOL_CONVERSION = YES;
				CLANG_WARN_COMMA = YES;
				CLANG_WARN_CONSTANT_CONVERSION = YES;
				CLANG_WARN_DEPRECATED_OBJC_IMPLEMENTATIONS = YES;
				CLANG_WARN_DIRECT_OBJC_ISA_USAGE = YES_ERROR;
				CLANG_WARN_DOCUMENTATION_COMMENTS = YES;
				CLANG_WARN_EMPTY_BODY = YES;
				CLANG_WARN_ENUM_CONVERSION = YES;
				CLANG_WARN_INFINITE_RECURSION = YES;
				CLANG_WARN_INT_CONVERSION = YES;
				CLANG_WARN_NON_LITERAL_NULL_CONVERSION = YES;
				CLANG_WARN_OBJC_IMPLICIT_RETAIN_SELF = YES;
				CLANG_WARN_OBJC_LITERAL_CONVERSION = YES;
				CLANG_WARN_OBJC_ROOT_CLASS = YES_ERROR;
				CLANG_WARN_QUOTED_INCLUDE_IN_FRAMEWORK_HEADER = YES;
				CLANG_WARN_RANGE_LOOP_ANALYSIS = YES;
				CLANG_WARN_STRICT_PROTOTYPES = YES;
				CLANG_WARN_SUSPICIOUS_MOVE = YES;
				CLANG_WARN_UNGUARDED_AVAILABILITY = YES_AGGRESSIVE;
				CLANG_WARN_UNREACHABLE_CODE = YES;
				CLANG_WARN__DUPLICATE_METHOD_MATCH = YES;
				COPY_PHASE_STRIP = NO;
				DEBUG_INFORMATION_FORMAT = dwarf;
				ENABLE_STRICT_OBJC_MSGSEND = YES;
				ENABLE_TESTABILITY = YES;
				GCC_C_LANGUAGE_STANDARD = gnu11;
				GCC_DYNAMIC_NO_PIC = NO;
				GCC_NO_COMMON_BLOCKS = YES;
				GCC_OPTIMIZATION_LEVEL = 0;
				GCC_PREPROCESSOR_DEFINITIONS = (
					"DEBUG=1",
					"$(inherited)",
				);
				GCC_WARN_64_TO_32_BIT_CONVERSION = YES;
				GCC_WARN_ABOUT_RETURN_TYPE = YES_ERROR;
				GCC_WARN_UNDECLARED_SELECTOR = YES;
				GCC_WARN_UNINITIALIZED_AUTOS = YES_AGGRESSIVE;
				GCC_WARN_UNUSED_FUNCTION = YES;
				GCC_WARN_UNUSED_VARIABLE = YES;
				MTL_ENABLE_DEBUG_INFO = INCLUDE_SOURCE;
				MTL_FAST_MATH = YES;
				ONLY_ACTIVE_ARCH = YES;
				SWIFT_ACTIVE_COMPILATION_CONDITIONS = DEBUG;
				SWIFT_OPTIMIZATION_LEVEL = "-Onone";
			};
			name = Debug;
		};
		4DB890D129167DFD00ECD72A /* Release */ = {
			isa = XCBuildConfiguration;
			buildSettings = {
				ALWAYS_SEARCH_USER_PATHS = NO;
				CLANG_ANALYZER_NONNULL = YES;
				CLANG_ANALYZER_NUMBER_OBJECT_CONVERSION = YES_AGGRESSIVE;
				CLANG_CXX_LANGUAGE_STANDARD = "gnu++17";
				CLANG_ENABLE_MODULES = YES;
				CLANG_ENABLE_OBJC_ARC = YES;
				CLANG_ENABLE_OBJC_WEAK = YES;
				CLANG_WARN_BLOCK_CAPTURE_AUTORELEASING = YES;
				CLANG_WARN_BOOL_CONVERSION = YES;
				CLANG_WARN_COMMA = YES;
				CLANG_WARN_CONSTANT_CONVERSION = YES;
				CLANG_WARN_DEPRECATED_OBJC_IMPLEMENTATIONS = YES;
				CLANG_WARN_DIRECT_OBJC_ISA_USAGE = YES_ERROR;
				CLANG_WARN_DOCUMENTATION_COMMENTS = YES;
				CLANG_WARN_EMPTY_BODY = YES;
				CLANG_WARN_ENUM_CONVERSION = YES;
				CLANG_WARN_INFINITE_RECURSION = YES;
				CLANG_WARN_INT_CONVERSION = YES;
				CLANG_WARN_NON_LITERAL_NULL_CONVERSION = YES;
				CLANG_WARN_OBJC_IMPLICIT_RETAIN_SELF = YES;
				CLANG_WARN_OBJC_LITERAL_CONVERSION = YES;
				CLANG_WARN_OBJC_ROOT_CLASS = YES_ERROR;
				CLANG_WARN_QUOTED_INCLUDE_IN_FRAMEWORK_HEADER = YES;
				CLANG_WARN_RANGE_LOOP_ANALYSIS = YES;
				CLANG_WARN_STRICT_PROTOTYPES = YES;
				CLANG_WARN_SUSPICIOUS_MOVE = YES;
				CLANG_WARN_UNGUARDED_AVAILABILITY = YES_AGGRESSIVE;
				CLANG_WARN_UNREACHABLE_CODE = YES;
				CLANG_WARN__DUPLICATE_METHOD_MATCH = YES;
				COPY_PHASE_STRIP = NO;
				DEBUG_INFORMATION_FORMAT = "dwarf-with-dsym";
				ENABLE_NS_ASSERTIONS = NO;
				ENABLE_STRICT_OBJC_MSGSEND = YES;
				GCC_C_LANGUAGE_STANDARD = gnu11;
				GCC_NO_COMMON_BLOCKS = YES;
				GCC_WARN_64_TO_32_BIT_CONVERSION = YES;
				GCC_WARN_ABOUT_RETURN_TYPE = YES_ERROR;
				GCC_WARN_UNDECLARED_SELECTOR = YES;
				GCC_WARN_UNINITIALIZED_AUTOS = YES_AGGRESSIVE;
				GCC_WARN_UNUSED_FUNCTION = YES;
				GCC_WARN_UNUSED_VARIABLE = YES;
				MTL_ENABLE_DEBUG_INFO = NO;
				MTL_FAST_MATH = YES;
				SWIFT_COMPILATION_MODE = wholemodule;
				SWIFT_OPTIMIZATION_LEVEL = "-O";
			};
			name = Release;
		};
		4DB890D329167DFD00ECD72A /* Debug */ = {
			isa = XCBuildConfiguration;
			buildSettings = {
				ASSETCATALOG_COMPILER_APPICON_NAME = AppIcon;
				ASSETCATALOG_COMPILER_GLOBAL_ACCENT_COLOR_NAME = AccentColor;
				CODE_SIGN_STYLE = Automatic;
				CURRENT_PROJECT_VERSION = 1;
				DEVELOPMENT_TEAM = 79Q9KLMQWT;
				ENABLE_PREVIEWS = YES;
				GENERATE_INFOPLIST_FILE = YES;
				INFOPLIST_FILE = "SpiritualMind--iOS--Info.plist";
				INFOPLIST_KEY_UIApplicationSceneManifest_Generation = YES;
				INFOPLIST_KEY_UIApplicationSupportsIndirectInputEvents = YES;
				INFOPLIST_KEY_UILaunchScreen_Generation = YES;
				INFOPLIST_KEY_UISupportedInterfaceOrientations_iPad = "UIInterfaceOrientationPortrait UIInterfaceOrientationPortraitUpsideDown UIInterfaceOrientationLandscapeLeft UIInterfaceOrientationLandscapeRight";
				INFOPLIST_KEY_UISupportedInterfaceOrientations_iPhone = "UIInterfaceOrientationPortrait UIInterfaceOrientationLandscapeLeft UIInterfaceOrientationLandscapeRight";
				IPHONEOS_DEPLOYMENT_TARGET = 15.5;
				LD_RUNPATH_SEARCH_PATHS = (
					"$(inherited)",
					"@executable_path/Frameworks",
				);
				MARKETING_VERSION = 1.0;
				PRODUCT_BUNDLE_IDENTIFIER = Atika.SpiritualMind;
				PRODUCT_NAME = SpiritualMind;
				SDKROOT = iphoneos;
				SWIFT_EMIT_LOC_STRINGS = YES;
				SWIFT_VERSION = 5.0;
				TARGETED_DEVICE_FAMILY = "1,2";
			};
			name = Debug;
		};
		4DB890D429167DFD00ECD72A /* Release */ = {
			isa = XCBuildConfiguration;
			buildSettings = {
				ASSETCATALOG_COMPILER_APPICON_NAME = AppIcon;
				ASSETCATALOG_COMPILER_GLOBAL_ACCENT_COLOR_NAME = AccentColor;
				CODE_SIGN_STYLE = Automatic;
				CURRENT_PROJECT_VERSION = 1;
				DEVELOPMENT_TEAM = 79Q9KLMQWT;
				ENABLE_PREVIEWS = YES;
				GENERATE_INFOPLIST_FILE = YES;
				INFOPLIST_FILE = "SpiritualMind--iOS--Info.plist";
				INFOPLIST_KEY_UIApplicationSceneManifest_Generation = YES;
				INFOPLIST_KEY_UIApplicationSupportsIndirectInputEvents = YES;
				INFOPLIST_KEY_UILaunchScreen_Generation = YES;
				INFOPLIST_KEY_UISupportedInterfaceOrientations_iPad = "UIInterfaceOrientationPortrait UIInterfaceOrientationPortraitUpsideDown UIInterfaceOrientationLandscapeLeft UIInterfaceOrientationLandscapeRight";
				INFOPLIST_KEY_UISupportedInterfaceOrientations_iPhone = "UIInterfaceOrientationPortrait UIInterfaceOrientationLandscapeLeft UIInterfaceOrientationLandscapeRight";
				IPHONEOS_DEPLOYMENT_TARGET = 15.5;
				LD_RUNPATH_SEARCH_PATHS = (
					"$(inherited)",
					"@executable_path/Frameworks",
				);
				MARKETING_VERSION = 1.0;
				PRODUCT_BUNDLE_IDENTIFIER = Atika.SpiritualMind;
				PRODUCT_NAME = SpiritualMind;
				SDKROOT = iphoneos;
				SWIFT_EMIT_LOC_STRINGS = YES;
				SWIFT_VERSION = 5.0;
				TARGETED_DEVICE_FAMILY = "1,2";
				VALIDATE_PRODUCT = YES;
			};
			name = Release;
		};
		4DB890D629167DFD00ECD72A /* Debug */ = {
			isa = XCBuildConfiguration;
			buildSettings = {
				ASSETCATALOG_COMPILER_APPICON_NAME = AppIcon;
				ASSETCATALOG_COMPILER_GLOBAL_ACCENT_COLOR_NAME = AccentColor;
				CODE_SIGN_ENTITLEMENTS = macOS/macOS.entitlements;
				CODE_SIGN_STYLE = Automatic;
				COMBINE_HIDPI_IMAGES = YES;
				CURRENT_PROJECT_VERSION = 1;
				DEVELOPMENT_TEAM = 79Q9KLMQWT;
				ENABLE_HARDENED_RUNTIME = YES;
				ENABLE_PREVIEWS = YES;
				GENERATE_INFOPLIST_FILE = YES;
				INFOPLIST_KEY_NSHumanReadableCopyright = "";
				LD_RUNPATH_SEARCH_PATHS = (
					"$(inherited)",
					"@executable_path/../Frameworks",
				);
				MACOSX_DEPLOYMENT_TARGET = 12.3;
				MARKETING_VERSION = 1.0;
				PRODUCT_BUNDLE_IDENTIFIER = Atika.SpiritualMind;
				PRODUCT_NAME = SpiritualMind;
				SDKROOT = macosx;
				SWIFT_EMIT_LOC_STRINGS = YES;
				SWIFT_VERSION = 5.0;
			};
			name = Debug;
		};
		4DB890D729167DFD00ECD72A /* Release */ = {
			isa = XCBuildConfiguration;
			buildSettings = {
				ASSETCATALOG_COMPILER_APPICON_NAME = AppIcon;
				ASSETCATALOG_COMPILER_GLOBAL_ACCENT_COLOR_NAME = AccentColor;
				CODE_SIGN_ENTITLEMENTS = macOS/macOS.entitlements;
				CODE_SIGN_STYLE = Automatic;
				COMBINE_HIDPI_IMAGES = YES;
				CURRENT_PROJECT_VERSION = 1;
				DEVELOPMENT_TEAM = 79Q9KLMQWT;
				ENABLE_HARDENED_RUNTIME = YES;
				ENABLE_PREVIEWS = YES;
				GENERATE_INFOPLIST_FILE = YES;
				INFOPLIST_KEY_NSHumanReadableCopyright = "";
				LD_RUNPATH_SEARCH_PATHS = (
					"$(inherited)",
					"@executable_path/../Frameworks",
				);
				MACOSX_DEPLOYMENT_TARGET = 12.3;
				MARKETING_VERSION = 1.0;
				PRODUCT_BUNDLE_IDENTIFIER = Atika.SpiritualMind;
				PRODUCT_NAME = SpiritualMind;
				SDKROOT = macosx;
				SWIFT_EMIT_LOC_STRINGS = YES;
				SWIFT_VERSION = 5.0;
			};
			name = Release;
		};
/* End XCBuildConfiguration section */

/* Begin XCConfigurationList section */
		4DB890B829167DFB00ECD72A /* Build configuration list for PBXProject "SpiritualMind" */ = {
			isa = XCConfigurationList;
			buildConfigurations = (
				4DB890D029167DFD00ECD72A /* Debug */,
				4DB890D129167DFD00ECD72A /* Release */,
			);
			defaultConfigurationIsVisible = 0;
			defaultConfigurationName = Release;
		};
		4DB890D229167DFD00ECD72A /* Build configuration list for PBXNativeTarget "SpiritualMind (iOS)" */ = {
			isa = XCConfigurationList;
			buildConfigurations = (
				4DB890D329167DFD00ECD72A /* Debug */,
				4DB890D429167DFD00ECD72A /* Release */,
			);
			defaultConfigurationIsVisible = 0;
			defaultConfigurationName = Release;
		};
		4DB890D529167DFD00ECD72A /* Build configuration list for PBXNativeTarget "SpiritualMind (macOS)" */ = {
			isa = XCConfigurationList;
			buildConfigurations = (
				4DB890D629167DFD00ECD72A /* Debug */,
				4DB890D729167DFD00ECD72A /* Release */,
			);
			defaultConfigurationIsVisible = 0;
			defaultConfigurationName = Release;
		};
/* End XCConfigurationList section */
	};
	rootObject = 4DB890B529167DFB00ECD72A /* Project object */;
}
